# This is a Gradle generated file for dependency locking.
# Manual edits can break the build and are not advised.
# This file is expected to be part of source control.
com.fasterxml.jackson.core:jackson-annotations:2.19.2=runtimeClasspath,testRuntimeClasspath
com.fasterxml.jackson.core:jackson-core:2.19.2=runtimeClasspath,testRuntimeClasspath
com.fasterxml.jackson.core:jackson-databind:2.19.2=runtimeClasspath,testRuntimeClasspath
com.fasterxml.jackson.dataformat:jackson-dataformat-yaml:2.19.2=runtimeClasspath,testRuntimeClasspath
com.fasterxml.jackson:jackson-bom:2.19.2=runtimeClasspath,testRuntimeClasspath
com.github.javaparser:javaparser-core:3.28.0=runtimeClasspath,testRuntimeClasspath
com.pinterest.ktlint:ktlint-cli-reporter-checkstyle:1.8.0=ktlint
com.pinterest.ktlint:ktlint-cli-reporter-core:1.8.0=ktlint
com.pinterest.ktlint:ktlint-cli-reporter-html:1.8.0=ktlint
com.pinterest.ktlint:ktlint-cli-reporter-json:1.8.0=ktlint
com.pinterest.ktlint:ktlint-cli-reporter-plain:1.8.0=ktlint
com.pinterest.ktlint:ktlint-cli-reporter-sarif:1.8.0=ktlint
com.pinterest.ktlint:ktlint-cli-ruleset-core:1.8.0=ktlint
com.pinterest.ktlint:ktlint-logger:1.8.0=ktlint
com.pinterest.ktlint:ktlint-rule-engine-core:1.8.0=ktlint
com.pinterest.ktlint:ktlint-rule-engine:1.8.0=ktlint
com.pinterest.ktlint:ktlint-ruleset-standard:1.8.0=ktlint
com.thoughtworks.qdox:qdox:1.12.1=runtimeClasspath,testRuntimeClasspath
dev.drewhamilton.poko:poko-annotations-jvm:0.20.1=ktlint
dev.drewhamilton.poko:poko-annotations:0.20.1=ktlint
info.picocli:picocli:4.7.7=runtimeClasspath,testRuntimeClasspath
io.github.detekt.sarif4k:sarif4k-jvm:0.6.0=ktlint
io.github.detekt.sarif4k:sarif4k:0.6.0=ktlint
io.github.oshai:kotlin-logging-jvm:7.0.13=ktlint
io.leangen.geantyref:geantyref:1.3.16=testRuntimeClasspath
jline:jline:2.14.6=runtimeClasspath,testRuntimeClasspath
junit:junit:4.13.2=runtimeClasspath,testRuntimeClasspath
org.abego.treelayout:org.abego.treelayout.core:1.0.3=runtimeClasspath,testRuntimeClasspath
org.apache.ant:ant-antlr:1.10.15=runtimeClasspath,testRuntimeClasspath
org.apache.ant:ant-junit:1.10.15=runtimeClasspath,testRuntimeClasspath
org.apache.ant:ant-launcher:1.10.15=runtimeClasspath,testRuntimeClasspath
org.apache.ant:ant:1.10.15=runtimeClasspath,testRuntimeClasspath
org.apache.groovy:groovy-all:4.0.31=runtimeClasspath,testRuntimeClasspath
org.apache.groovy:groovy-ant:4.0.31=runtimeClasspath,testRuntimeClasspath
org.apache.groovy:groovy-bom:4.0.31=compileClasspath,implementationDependenciesMetadata,runtimeClasspath,testCompileClasspath,testImplementationDependenciesMetadata,testRuntimeClasspath
org.apache.groovy:groovy-cli-picocli:4.0.31=runtimeClasspath,testRuntimeClasspath
org.apache.groovy:groovy-console:4.0.31=runtimeClasspath,testRuntimeClasspath
org.apache.groovy:groovy-datetime:4.0.31=runtimeClasspath,testRuntimeClasspath
org.apache.groovy:groovy-docgenerator:4.0.31=runtimeClasspath,testRuntimeClasspath
org.apache.groovy:groovy-groovydoc:4.0.31=runtimeClasspath,testRuntimeClasspath
org.apache.groovy:groovy-groovysh:4.0.31=runtimeClasspath,testRuntimeClasspath
org.apache.groovy:groovy-jmx:4.0.31=runtimeClasspath,testRuntimeClasspath
org.apache.groovy:groovy-json:4.0.31=runtimeClasspath,testRuntimeClasspath
org.apache.groovy:groovy-jsr223:4.0.31=runtimeClasspath,testRuntimeClasspath
org.apache.groovy:groovy-macro:4.0.31=runtimeClasspath,testRuntimeClasspath
org.apache.groovy:groovy-nio:4.0.31=runtimeClasspath,testRuntimeClasspath
org.apache.groovy:groovy-servlet:4.0.31=runtimeClasspath,testRuntimeClasspath
org.apache.groovy:groovy-sql:4.0.31=runtimeClasspath,testRuntimeClasspath
org.apache.groovy:groovy-swing:4.0.31=runtimeClasspath,testRuntimeClasspath
org.apache.groovy:groovy-templates:4.0.31=runtimeClasspath,testRuntimeClasspath
org.apache.groovy:groovy-test-junit5:4.0.31=runtimeClasspath,testRuntimeClasspath
org.apache.groovy:groovy-test:4.0.31=runtimeClasspath,testRuntimeClasspath
org.apache.groovy:groovy-xml:4.0.31=runtimeClasspath,testRuntimeClasspath
org.apache.groovy:groovy-yaml:4.0.31=runtimeClasspath,testRuntimeClasspath
org.apache.groovy:groovy:4.0.31=compileClasspath,implementationDependenciesMetadata,runtimeClasspath,testCompileClasspath,testImplementationDependenciesMetadata,testRuntimeClasspath
org.apache.ivy:ivy:2.5.3=runtimeClasspath,testRuntimeClasspath
org.apiguardian:apiguardian-api:1.1.2=testCompileClasspath,testImplementationDependenciesMetadata
org.ec4j.core:ec4j-core:1.1.1=ktlint
org.hamcrest:hamcrest-core:1.3=runtimeClasspath
org.hamcrest:hamcrest:3.0=testCompileClasspath,testImplementationDependenciesMetadata,testRuntimeClasspath
org.jetbrains.intellij.deps:trove4j:1.0.20200330=kotlinBuildToolsApiClasspath,kotlinCompilerClasspath,kotlinKlibCommonizerClasspath
org.jetbrains.kotlin:kotlin-build-common:2.0.20=kotlinBuildToolsApiClasspath
org.jetbrains.kotlin:kotlin-build-tools-api:2.0.20=kotlinBuildToolsApiClasspath
org.jetbrains.kotlin:kotlin-build-tools-impl:2.0.20=kotlinBuildToolsApiClasspath
org.jetbrains.kotlin:kotlin-compiler-embeddable:2.0.20=kotlinBuildToolsApiClasspath,kotlinCompilerClasspath,kotlinKlibCommonizerClasspath
org.jetbrains.kotlin:kotlin-compiler-embeddable:2.2.21=ktlint
org.jetbrains.kotlin:kotlin-compiler-runner:2.0.20=kotlinBuildToolsApiClasspath
org.jetbrains.kotlin:kotlin-daemon-client:2.0.20=kotlinBuildToolsApiClasspath
org.jetbrains.kotlin:kotlin-daemon-embeddable:2.0.20=kotlinBuildToolsApiClasspath,kotlinCompilerClasspath,kotlinKlibCommonizerClasspath
org.jetbrains.kotlin:kotlin-daemon-embeddable:2.2.21=ktlint
org.jetbrains.kotlin:kotlin-klib-commonizer-embeddable:2.0.20=kotlinKlibCommonizerClasspath
org.jetbrains.kotlin:kotlin-native-prebuilt:2.0.20=kotlinNativeBundleConfiguration
org.jetbrains.kotlin:kotlin-reflect:1.6.10=kotlinBuildToolsApiClasspath,kotlinCompilerClasspath,kotlinKlibCommonizerClasspath,ktlint
org.jetbrains.kotlin:kotlin-reflect:2.0.20=compileClasspath,implementationDependenciesMetadata,runtimeClasspath,testCompileClasspath,testImplementationDependenciesMetadata,testRuntimeClasspath
org.jetbrains.kotlin:kotlin-script-runtime:2.0.20=kotlinBuildToolsApiClasspath,kotlinCompilerClasspath,kotlinCompilerPluginClasspathMain,kotlinCompilerPluginClasspathTest,kotlinKlibCommonizerClasspath
org.jetbrains.kotlin:kotlin-script-runtime:2.2.21=ktlint
org.jetbrains.kotlin:kotlin-scripting-common:2.0.20=kotlinBuildToolsApiClasspath,kotlinCompilerPluginClasspathMain,kotlinCompilerPluginClasspathTest
org.jetbrains.kotlin:kotlin-scripting-compiler-embeddable:2.0.20=kotlinBuildToolsApiClasspath,kotlinCompilerPluginClasspathMain,kotlinCompilerPluginClasspathTest
org.jetbrains.kotlin:kotlin-scripting-compiler-impl-embeddable:2.0.20=kotlinBuildToolsApiClasspath,kotlinCompilerPluginClasspathMain,kotlinCompilerPluginClasspathTest
org.jetbrains.kotlin:kotlin-scripting-jvm:2.0.20=kotlinBuildToolsApiClasspath,kotlinCompilerPluginClasspathMain,kotlinCompilerPluginClasspathTest
org.jetbrains.kotlin:kotlin-stdlib-common:2.2.21=ktlint
org.jetbrains.kotlin:kotlin-stdlib-jdk7:1.8.0=ktlint
org.jetbrains.kotlin:kotlin-stdlib-jdk8:1.8.0=ktlint
org.jetbrains.kotlin:kotlin-stdlib:2.0.20=apiDependenciesMetadata,compileClasspath,implementationDependenciesMetadata,kotlinBuildToolsApiClasspath,kotlinCompilerClasspath,kotlinCompilerPluginClasspathMain,kotlinCompilerPluginClasspathTest,kotlinKlibCommonizerClasspath,runtimeClasspath,testCompileClasspath,testImplementationDependenciesMetadata,testRuntimeClasspath
org.jetbrains.kotlin:kotlin-stdlib:2.2.21=ktlint
org.jetbrains.kotlinx:kotlinx-coroutines-core-jvm:1.6.4=kotlinBuildToolsApiClasspath,kotlinCompilerClasspath,kotlinKlibCommonizerClasspath
org.jetbrains.kotlinx:kotlinx-coroutines-core-jvm:1.8.0=ktlint
org.jetbrains.kotlinx:kotlinx-serialization-core-jvm:1.4.1=ktlint
org.jetbrains.kotlinx:kotlinx-serialization-core:1.4.1=ktlint
org.jetbrains.kotlinx:kotlinx-serialization-json-jvm:1.4.1=ktlint
org.jetbrains.kotlinx:kotlinx-serialization-json:1.4.1=ktlint
org.jetbrains:annotations:13.0=compileClasspath,kotlinBuildToolsApiClasspath,kotlinCompilerClasspath,kotlinCompilerPluginClasspathMain,kotlinCompilerPluginClasspathTest,kotlinKlibCommonizerClasspath,ktlint,runtimeClasspath,testCompileClasspath,testRuntimeClasspath
org.jspecify:jspecify:1.0.0=testCompileClasspath,testImplementationDependenciesMetadata
org.junit.jupiter:junit-jupiter-api:5.13.3=runtimeClasspath
org.junit.jupiter:junit-jupiter-api:6.0.3=testCompileClasspath,testImplementationDependenciesMetadata,testRuntimeClasspath
org.junit.jupiter:junit-jupiter-engine:5.13.3=runtimeClasspath
org.junit.jupiter:junit-jupiter-engine:6.0.3=testRuntimeClasspath
org.junit.jupiter:junit-jupiter-params:6.0.3=testCompileClasspath,testImplementationDependenciesMetadata,testRuntimeClasspath
org.junit.jupiter:junit-jupiter:6.0.3=testCompileClasspath,testImplementationDependenciesMetadata,testRuntimeClasspath
org.junit.platform:junit-platform-commons:1.13.3=runtimeClasspath
org.junit.platform:junit-platform-commons:6.0.3=testCompileClasspath,testImplementationDependenciesMetadata,testRuntimeClasspath
org.junit.platform:junit-platform-engine:1.13.3=runtimeClasspath
org.junit.platform:junit-platform-engine:6.0.3=testCompileClasspath,testImplementationDependenciesMetadata,testRuntimeClasspath
org.junit.platform:junit-platform-launcher:1.13.3=runtimeClasspath
org.junit.platform:junit-platform-launcher:6.0.3=testRuntimeClasspath
org.junit:junit-bom:5.13.3=runtimeClasspath
org.junit:junit-bom:6.0.3=testCompileClasspath,testImplementationDependenciesMetadata,testRuntimeClasspath
org.opentest4j:opentest4j:1.3.0=runtimeClasspath,testCompileClasspath,testImplementationDependenciesMetadata,testRuntimeClasspath
org.ow2.asm:asm-analysis:9.9.1=runtimeClasspath,testRuntimeClasspath
org.ow2.asm:asm-tree:9.7.1=compileClasspath,implementationDependenciesMetadata,testCompileClasspath,testImplementationDependenciesMetadata
org.ow2.asm:asm-tree:9.9.1=runtimeClasspath,testRuntimeClasspath
org.ow2.asm:asm-util:9.9.1=runtimeClasspath,testRuntimeClasspath
org.ow2.asm:asm:9.7.1=compileClasspath,implementationDependenciesMetadata,testCompileClasspath,testImplementationDependenciesMetadata
org.ow2.asm:asm:9.9.1=runtimeClasspath,testRuntimeClasspath
org.spockframework:spock-bom:2.4-groovy-4.0=testCompileClasspath,testImplementationDependenciesMetadata,testRuntimeClasspath
org.spockframework:spock-core:2.4-groovy-4.0=testCompileClasspath,testImplementationDependenciesMetadata,testRuntimeClasspath
org.yaml:snakeyaml:2.4=runtimeClasspath,testRuntimeClasspath
empty=annotationProcessor,combinedGraphClasspath,compileOnlyDependenciesMetadata,intransitiveDependenciesMetadata,kotlinCompilerPluginClasspath,kotlinNativeCompilerPluginClasspath,kotlinScriptDefExtensions,projectHealthClasspath,projectMetadataClasspath,resolvedDepsClasspath,testAnnotationProcessor,testApiDependenciesMetadata,testCompileOnlyDependenciesMetadata,testIntransitiveDependenciesMetadata,testKotlinScriptDefExtensions
